
Microsoft Visual Studio Solution File, Format Version 12.00
# Visual Studio Version 17
VisualStudioVersion = 17.14.36603.0 d17.14
MinimumVisualStudioVersion = 10.0.40219.1
Project("{FAE04EC0-301F-11D3-BF4B-00C04F79EFBC}") = "BOOSEcode2", "BOOSEcode2.csproj", "{AD20B968-182B-43E2-9055-384CD834FCBB}"
EndProject
Global
	GlobalSection(SolutionConfigurationPlatforms) = preSolution
		Debug|Any CPU = Debug|Any CPU
		Release|Any CPU = Release|Any CPU
	EndGlobalSection
	GlobalSection(ProjectConfigurationPlatforms) = postSolution
		{AD20B968-182B-43E2-9055-384CD834FCBB}.Debug|Any CPU.ActiveCfg = Debug|Any CPU
		{AD20B968-182B-43E2-9055-384CD834FCBB}.Debug|Any CPU.Build.0 = Debug|Any CPU
		{AD20B968-182B-43E2-9055-384CD834FCBB}.Release|Any CPU.ActiveCfg = Release|Any CPU
		{AD20B968-182B-43E2-9055-384CD834FCBB}.Release|Any CPU.Build.0 = Release|Any CPU
	EndGlobalSection
	GlobalSection(SolutionProperties) = preSolution
		HideSolutionNode = FALSE
	EndGlobalSection
	GlobalSection(ExtensibilityGlobals) = postSolution
		SolutionGuid = {BD013344-7229-4A86-93F7-8D5A0F741167}
	EndGlobalSection
EndGlobal
